
Microsoft Visual Studio Solution File, Format Version 12.00
# Visual Studio Version 16
VisualStudioVersion = 16.0.29509.3
MinimumVisualStudioVersion = 10.0.40219.1
Project("{FAE04EC0-301F-11D3-BF4B-00C04F79EFBC}") = "WFA_Kutuphane", "WFA_Kutuphane\WFA_Kutuphane.csproj", "{84E0180F-C389-447D-B7A2-9DB4AB87E476}"
EndProject
Global
	GlobalSection(SolutionConfigurationPlatforms) = preSolution
		Debug|Any CPU = Debug|Any CPU
		Release|Any CPU = Release|Any CPU
	EndGlobalSection
	GlobalSection(ProjectConfigurationPlatforms) = postSolution
		{84E0180F-C389-447D-B7A2-9DB4AB87E476}.Debug|Any CPU.ActiveCfg = Debug|Any CPU
		{84E0180F-C389-447D-B7A2-9DB4AB87E476}.Debug|Any CPU.Build.0 = Debug|Any CPU
		{84E0180F-C389-447D-B7A2-9DB4AB87E476}.Release|Any CPU.ActiveCfg = Release|Any CPU
		{84E0180F-C389-447D-B7A2-9DB4AB87E476}.Release|Any CPU.Build.0 = Release|Any CPU
	EndGlobalSection
	GlobalSection(SolutionProperties) = preSolution
		HideSolutionNode = FALSE
	EndGlobalSection
	GlobalSection(ExtensibilityGlobals) = postSolution
		SolutionGuid = {C21FB0BD-DC72-4906-94B4-7D0B62033E11}
	EndGlobalSection
EndGlobal
